PackratFormat: 1.4
PackratVersion: 0.5.0.32
RVersion: 4.0.4
Repos: CRAN=https://cran.rstudio.com/

Package: base64enc
Source: CRAN
Version: 0.1-3
Hash: c590d29e555926af053055e23ee79efb

Package: digest
Source: CRAN
Version: 0.6.27
Hash: 8ba156629c1537635b39332c93d8ed33

Package: evaluate
Source: CRAN
Version: 0.14
Hash: 18306cc3bc1aec7b7360eea8a0eb0ee1

Package: glue
Source: CRAN
Version: 1.4.2
Hash: afa798ba9deec3676e20300b79094749

Package: highr
Source: CRAN
Version: 0.8
Hash: 16aa2cc98d7b68c9d148c263c8dcdbcd

Package: htmltools
Source: CRAN
Version: 0.5.1.1
Hash: 297e3b95a781d9a6fb7259e0f6824020
Requires: base64enc, digest, rlang

Package: jsonlite
Source: CRAN
Version: 1.7.2
Hash: a5965fb563ba3643e75c425a82f935e6

Package: knitr
Source: CRAN
Version: 1.31
Hash: b28bf08b1a7636ae679fae434720b592
Requires: evaluate, highr, markdown, stringr, xfun, yaml

Package: magrittr
Source: CRAN
Version: 2.0.1
Hash: d3c166b0573ae8c918edf7221dfe7380

Package: markdown
Source: CRAN
Version: 1.1
Hash: 1b6a18fd395589425e338a47b999099f
Requires: mime, xfun

Package: mime
Source: CRAN
Version: 0.10
Hash: 20b0f90f3478d2baae76be49777ac9fe

Package: packrat
Source: github
Version: 0.5.0-32
Hash: 44649c4937dfc78b31507e51dc509488
GithubRepo: packrat
GithubUsername: rstudio
GithubRef: HEAD
GithubSha1: 6dd9d597b2549cc837503916e5b166c5518dc037
RemoteHost: api.github.com
RemoteRepo: packrat
RemoteUsername: rstudio
RemoteRef: HEAD
RemoteSha: 6dd9d597b2549cc837503916e5b166c5518dc037

Package: rlang
Source: CRAN
Version: 0.4.10
Hash: eb6b577ea2302f9617b010ae4f64a912

Package: rmarkdown
Source: CRAN
Version: 2.7
Hash: c91cec3f2386371b7bb24209887ed8ce
Requires: evaluate, htmltools, jsonlite, knitr, stringr, xfun, yaml,
    tinytex

Package: stringi
Source: CRAN
Version: 1.5.3
Hash: 30919ce6e9ad5bb8e9fcb1ed59ebcd6e

Package: stringr
Source: CRAN
Version: 1.4.0
Hash: 67da32dbb2a7a16f2ef124336358e54a
Requires: glue, magrittr, stringi

Package: tinytex
Source: CRAN
Version: 0.30
Hash: 1bb4c56c617a334cf17566fbc3bba42a
Requires: xfun

Package: xfun
Source: CRAN
Version: 0.21
Hash: 19e28d9bc711b7b0d482e0a9e22bc92a

Package: yaml
Source: CRAN
Version: 2.2.1
Hash: 424bc11cc358f23187feaa7978628196
